
Terraform used the selected providers to generate the following execution
plan. Resource actions are indicated with the following symbols:
  + create

Terraform will perform the following actions:

  # yandex_vpc_network.network will be created
  + resource "yandex_vpc_network" "network" {
      + created_at                = (known after apply)
      + default_security_group_id = (known after apply)
      + folder_id                 = (known after apply)
      + id                        = (known after apply)
      + labels                    = (known after apply)
      + name                      = "develop"
      + subnet_ids                = (known after apply)
    }

  # yandex_vpc_subnet.subnet_a will be created
  + resource "yandex_vpc_subnet" "subnet_a" {
      + created_at     = (known after apply)
      + folder_id      = (known after apply)
      + id             = (known after apply)
      + labels         = (known after apply)
      + name           = (known after apply)
      + network_id     = (known after apply)
      + v4_cidr_blocks = [
          + "10.0.0.0/24",
        ]
      + v6_cidr_blocks = (known after apply)
      + zone           = "ru-central1-a"
    }

  # module.mysql_cluster.yandex_mdb_mysql_cluster.cluster will be created
  + resource "yandex_mdb_mysql_cluster" "cluster" {
      + allow_regeneration_host   = false
      + backup_retain_period_days = (known after apply)
      + created_at                = (known after apply)
      + deletion_protection       = (known after apply)
      + environment               = "PRESTABLE"
      + folder_id                 = (known after apply)
      + health                    = (known after apply)
      + host_group_ids            = (known after apply)
      + id                        = (known after apply)
      + mysql_config              = (known after apply)
      + name                      = "example"
      + network_id                = (known after apply)
      + status                    = (known after apply)
      + version                   = "8.0"

      + host {
          + assign_public_ip   = false
          + fqdn               = (known after apply)
          + replication_source = (known after apply)
          + subnet_id          = (known after apply)
          + zone               = "ru-central1-a"
        }

      + resources {
          + disk_size          = 10
          + disk_type_id       = "network-hdd"
          + resource_preset_id = "s2.micro"
        }
    }

  # module.mysql_db.yandex_mdb_mysql_database.database will be created
  + resource "yandex_mdb_mysql_database" "database" {
      + cluster_id = (known after apply)
      + id         = (known after apply)
      + name       = "test"
    }

  # module.mysql_db.yandex_mdb_mysql_user.db_user will be created
  + resource "yandex_mdb_mysql_user" "db_user" {
      + authentication_plugin = (known after apply)
      + cluster_id            = (known after apply)
      + global_permissions    = (known after apply)
      + id                    = (known after apply)
      + name                  = "app"
      + password              = (sensitive value)

      + permission {
          + database_name = "test"
          + roles         = [
              + "SELECT",
            ]
        }
    }

Plan: 5 to add, 0 to change, 0 to destroy.

─────────────────────────────────────────────────────────────────────────────

Note: You didn't use the -out option to save this plan, so Terraform can't
guarantee to take exactly these actions if you run "terraform apply" now.
