
Terraform used the selected providers to generate the following execution
plan. Resource actions are indicated with the following symbols:
  + create

Terraform will perform the following actions:

  # module.vpc.yandex_vpc_network.vpc_network will be created
  + resource "yandex_vpc_network" "vpc_network" {
      + created_at                = (known after apply)
      + default_security_group_id = (known after apply)
      + folder_id                 = (known after apply)
      + id                        = (known after apply)
      + labels                    = (known after apply)
      + name                      = "prod"
      + subnet_ids                = (known after apply)
    }

  # module.vpc.yandex_vpc_subnet.vpc_subnet["0"] will be created
  + resource "yandex_vpc_subnet" "vpc_subnet" {
      + created_at     = (known after apply)
      + folder_id      = (known after apply)
      + id             = (known after apply)
      + labels         = (known after apply)
      + name           = (known after apply)
      + network_id     = (known after apply)
      + v4_cidr_blocks = [
          + "10.0.2.0/24",
        ]
      + v6_cidr_blocks = (known after apply)
      + zone           = "ru-central1-a"
    }

  # module.vpc.yandex_vpc_subnet.vpc_subnet["1"] will be created
  + resource "yandex_vpc_subnet" "vpc_subnet" {
      + created_at     = (known after apply)
      + folder_id      = (known after apply)
      + id             = (known after apply)
      + labels         = (known after apply)
      + name           = (known after apply)
      + network_id     = (known after apply)
      + v4_cidr_blocks = [
          + "10.0.4.0/24",
        ]
      + v6_cidr_blocks = (known after apply)
      + zone           = "ru-central1-b"
    }

  # module.vpc.yandex_vpc_subnet.vpc_subnet["2"] will be created
  + resource "yandex_vpc_subnet" "vpc_subnet" {
      + created_at     = (known after apply)
      + folder_id      = (known after apply)
      + id             = (known after apply)
      + labels         = (known after apply)
      + name           = (known after apply)
      + network_id     = (known after apply)
      + v4_cidr_blocks = [
          + "10.0.3.0/24",
        ]
      + v6_cidr_blocks = (known after apply)
      + zone           = "ru-central1-c"
    }

Plan: 4 to add, 0 to change, 0 to destroy.

─────────────────────────────────────────────────────────────────────────────

Note: You didn't use the -out option to save this plan, so Terraform can't
guarantee to take exactly these actions if you run "terraform apply" now.
